
Microsoft Visual Studio Solution File, Format Version 12.00
# Visual Studio Version 17
VisualStudioVersion = 17.14.36408.4 d17.14
MinimumVisualStudioVersion = 10.0.40219.1
Project("{FAE04EC0-301F-11D3-BF4B-00C04F79EFBC}") = "Proyecto_URL", "Proyecto_URL\Proyecto_URL.csproj", "{12AA4DC3-201E-483F-BE51-8C7FEDE57233}"
EndProject
Global
	GlobalSection(SolutionConfigurationPlatforms) = preSolution
		Debug|Any CPU = Debug|Any CPU
		Release|Any CPU = Release|Any CPU
	EndGlobalSection
	GlobalSection(ProjectConfigurationPlatforms) = postSolution
		{12AA4DC3-201E-483F-BE51-8C7FEDE57233}.Debug|Any CPU.ActiveCfg = Debug|Any CPU
		{12AA4DC3-201E-483F-BE51-8C7FEDE57233}.Debug|Any CPU.Build.0 = Debug|Any CPU
		{12AA4DC3-201E-483F-BE51-8C7FEDE57233}.Release|Any CPU.ActiveCfg = Release|Any CPU
		{12AA4DC3-201E-483F-BE51-8C7FEDE57233}.Release|Any CPU.Build.0 = Release|Any CPU
	EndGlobalSection
	GlobalSection(SolutionProperties) = preSolution
		HideSolutionNode = FALSE
	EndGlobalSection
	GlobalSection(ExtensibilityGlobals) = postSolution
		SolutionGuid = {806C0CD6-4529-4B04-B638-6525A7D14233}
	EndGlobalSection
EndGlobal
